
Microsoft Visual Studio Solution File, Format Version 11.00
# Visual Studio 2010
Project("{FAE04EC0-301F-11D3-BF4B-00C04F79EFBC}") = "StarHeart", "Assembly-CSharp.csproj", "{73DBAAAE-420B-D938-1104-61FD4F0857A9}"
EndProject
Global
	GlobalSection(SolutionConfigurationPlatforms) = preSolution
		Debug|Any CPU = Debug|Any CPU
		Release|Any CPU = Release|Any CPU
	EndGlobalSection
	GlobalSection(ProjectConfigurationPlatforms) = postSolution
		{73DBAAAE-420B-D938-1104-61FD4F0857A9}.Debug|Any CPU.ActiveCfg = Debug|Any CPU
		{73DBAAAE-420B-D938-1104-61FD4F0857A9}.Debug|Any CPU.Build.0 = Debug|Any CPU
		{73DBAAAE-420B-D938-1104-61FD4F0857A9}.Release|Any CPU.ActiveCfg = Release|Any CPU
		{73DBAAAE-420B-D938-1104-61FD4F0857A9}.Release|Any CPU.Build.0 = Release|Any CPU
	EndGlobalSection
	GlobalSection(SolutionProperties) = preSolution
		HideSolutionNode = FALSE
	EndGlobalSection
	GlobalSection(MonoDevelopProperties) = preSolution
		StartupItem = Assembly-CSharp.csproj
	EndGlobalSection
EndGlobal
